# THIS IS AN AUTOGENERATED FILE. DO NOT EDIT THIS FILE DIRECTLY.
# yarn lockfile v1


prettier-cli@^0.1.0:
  version "0.1.0"
  resolved "https://registry.yarnpkg.com/prettier-cli/-/prettier-cli-0.1.0.tgz#76d5bbc9093fd11a51266e435f21fcfcd2721b4c"
  integrity sha512-FzI6Hs9/YsrVCuxpcO0VG7sBQT7LWpeETEV0SzAFyNgb7oFjnnVf0CCYHieGI9B1RsgyaiH9HCUXYPluHRV0gw==

prettier@^1.17.1:
  version "1.17.1"
  resolved "https://registry.yarnpkg.com/prettier/-/prettier-1.17.1.tgz#ed64b4e93e370cb8a25b9ef7fef3e4fd1c0995db"
  integrity sha512-TzGRNvuUSmPgwivDqkZ9tM/qTGW9hqDKWOE9YHiyQdixlKbv7kvEqsmDPrcHJTKwthU774TQwZXVtaQ/mMsvjg==

semver@^6.1.1:
  version "6.1.1"
  resolved "https://registry.yarnpkg.com/semver/-/semver-6.1.1.tgz#53f53da9b30b2103cd4f15eab3a18ecbcb210c9b"
  integrity sha512-rWYq2e5iYW+fFe/oPPtYJxYgjBm8sC4rmoGdUOgBB7VnwKt6HrL793l2voH1UlsyYZpJ4g0wfjnTEO1s1NP2eQ==
